schema: '2.0'
stages:
  data_ingestion:
    cmd: python src/cnnClassifier/pipeline/stage_01_data_ingestion.py
    deps:
    - path: config/config.yaml
      hash: md5
      md5: ca90ff4f0f6187d6649d22dd357516ee
      size: 568
    - path: src/cnnClassifier/pipeline/stage_01_data_ingestion.py
      hash: md5
      md5: c2b207d96b67daf9bc618375f5ee08c5
      size: 882
    outs:
    - path: artifacts/data_ingestion/Chest-CT-Scan-data
      hash: md5
      md5: 904fa45d934ce879b3b1933dca6cb2f1.dir
      size: 49247431
      nfiles: 343
  prepare_base_model:
    cmd: python src/cnnClassifier/pipeline/stage_02_prepare_modelling.py
    deps:
    - path: config/config.yaml
      hash: md5
      md5: ca90ff4f0f6187d6649d22dd357516ee
      size: 568
    - path: src/cnnClassifier/pipeline/stage_02_prepare_modelling.py
      hash: md5
      md5: 1e8fd9fc0253e96b1999ba40e65da211
      size: 922
    params:
      params.yaml:
        CLASSES: 2
        IMAGE_SIZE:
        - 224
        - 224
        - 3
        INCLUDE_TOP: false
        LEARNING_RATE: 0.05
        weights: imagenet
    outs:
    - path: artifacts/prepare_base_model
      hash: md5
      md5: 38acdf226e0981d84b7fe5258f8e0ed5.dir
      size: 118073528
      nfiles: 2
  training:
    cmd: python src/cnnClassifier/pipeline/stage_03_model_training.py
    deps:
    - path: artifacts/data_ingestion/Chest-CT-Scan-data
      hash: md5
      md5: 904fa45d934ce879b3b1933dca6cb2f1.dir
      size: 49247431
      nfiles: 343
    - path: artifacts/prepare_base_model
      hash: md5
      md5: 38acdf226e0981d84b7fe5258f8e0ed5.dir
      size: 118073528
      nfiles: 2
    - path: config/config.yaml
      hash: md5
      md5: ca90ff4f0f6187d6649d22dd357516ee
      size: 568
    - path: src/cnnClassifier/pipeline/stage_03_model_training.py
      hash: md5
      md5: f96d997c3ffa99a48bd8176e760d5e69
      size: 847
    params:
      params.yaml:
        AUGMENTATION: true
        BATCH_SIZE: 16
        EPOCHS: 3
        IMAGE_SIZE:
        - 224
        - 224
        - 3
    outs:
    - path: artifacts/training/model.h5
      hash: md5
      md5: 30bd2be6fa38368626ea0e7086e717cd
      size: 59551256
  evaluation:
    cmd: python src/cnnClassifier/pipeline/stage_04_model_evaluation.py
    deps:
    - path: artifacts/data_ingestion/Chest-CT-Scan-data
      hash: md5
      md5: 904fa45d934ce879b3b1933dca6cb2f1.dir
      size: 49247431
      nfiles: 343
    - path: artifacts/training/model.h5
      hash: md5
      md5: 30bd2be6fa38368626ea0e7086e717cd
      size: 59551256
    - path: config/config.yaml
      hash: md5
      md5: ca90ff4f0f6187d6649d22dd357516ee
      size: 568
    - path: src/cnnClassifier/pipeline/stage_04_model_evaluation.py
      hash: md5
      md5: bc6cc9a89efdfaeeb3dc46bc08e82ed7
      size: 817
    params:
      params.yaml:
        BATCH_SIZE: 16
        IMAGE_SIZE:
        - 224
        - 224
        - 3
    outs:
    - path: scores.json
      hash: md5
      md5: 9d34da11933cf7408d64ab18e2d8878c
      size: 69
